
Microsoft Visual Studio Solution File, Format Version 12.00
# Visual Studio Version 17
VisualStudioVersion = 17.4.33213.308
MinimumVisualStudioVersion = 10.0.40219.1
Project("{8BC9CEB8-8B4A-11D0-8D11-00A0C91BC942}") = "find the greaater using for loop", "find the greaater using for loop.vcxproj", "{257D6224-9B5E-4809-99E2-8C6DF4E5A574}"
EndProject
Global
	GlobalSection(SolutionConfigurationPlatforms) = preSolution
		Debug|x64 = Debug|x64
		Debug|x86 = Debug|x86
		Release|x64 = Release|x64
		Release|x86 = Release|x86
	EndGlobalSection
	GlobalSection(ProjectConfigurationPlatforms) = postSolution
		{257D6224-9B5E-4809-99E2-8C6DF4E5A574}.Debug|x64.ActiveCfg = Debug|x64
		{257D6224-9B5E-4809-99E2-8C6DF4E5A574}.Debug|x64.Build.0 = Debug|x64
		{257D6224-9B5E-4809-99E2-8C6DF4E5A574}.Debug|x86.ActiveCfg = Debug|Win32
		{257D6224-9B5E-4809-99E2-8C6DF4E5A574}.Debug|x86.Build.0 = Debug|Win32
		{257D6224-9B5E-4809-99E2-8C6DF4E5A574}.Release|x64.ActiveCfg = Release|x64
		{257D6224-9B5E-4809-99E2-8C6DF4E5A574}.Release|x64.Build.0 = Release|x64
		{257D6224-9B5E-4809-99E2-8C6DF4E5A574}.Release|x86.ActiveCfg = Release|Win32
		{257D6224-9B5E-4809-99E2-8C6DF4E5A574}.Release|x86.Build.0 = Release|Win32
	EndGlobalSection
	GlobalSection(SolutionProperties) = preSolution
		HideSolutionNode = FALSE
	EndGlobalSection
	GlobalSection(ExtensibilityGlobals) = postSolution
		SolutionGuid = {B22DC26D-3962-4453-965D-F8C661B10C9C}
	EndGlobalSection
EndGlobal
